
Microsoft Visual Studio Solution File, Format Version 12.00
# Visual Studio Version 17
VisualStudioVersion = 17.4.33122.133
MinimumVisualStudioVersion = 10.0.40219.1
Project("{FAE04EC0-301F-11D3-BF4B-00C04F79EFBC}") = "3D_Explanation", "3D_Explanation\3D_Explanation.csproj", "{A9F56E1E-4434-4382-A48A-C7D009B96E41}"
EndProject
Global
	GlobalSection(SolutionConfigurationPlatforms) = preSolution
		Debug|Any CPU = Debug|Any CPU
		Release|Any CPU = Release|Any CPU
	EndGlobalSection
	GlobalSection(ProjectConfigurationPlatforms) = postSolution
		{A9F56E1E-4434-4382-A48A-C7D009B96E41}.Debug|Any CPU.ActiveCfg = Debug|Any CPU
		{A9F56E1E-4434-4382-A48A-C7D009B96E41}.Debug|Any CPU.Build.0 = Debug|Any CPU
		{A9F56E1E-4434-4382-A48A-C7D009B96E41}.Release|Any CPU.ActiveCfg = Release|Any CPU
		{A9F56E1E-4434-4382-A48A-C7D009B96E41}.Release|Any CPU.Build.0 = Release|Any CPU
	EndGlobalSection
	GlobalSection(SolutionProperties) = preSolution
		HideSolutionNode = FALSE
	EndGlobalSection
	GlobalSection(ExtensibilityGlobals) = postSolution
		SolutionGuid = {D4377782-005F-4FEB-A0C9-A1457B400B39}
	EndGlobalSection
EndGlobal
